
Microsoft Visual Studio Solution File, Format Version 12.00
# Visual Studio 15
VisualStudioVersion = 15.0.28307.271
MinimumVisualStudioVersion = 10.0.40219.1
Project("{FAE04EC0-301F-11D3-BF4B-00C04F79EFBC}") = "WebApplication1", "WebApplication1\WebApplication1.csproj", "{1F23C8C7-A4EE-48EF-B49D-05517FCD7CD3}"
EndProject
Global
	GlobalSection(SolutionConfigurationPlatforms) = preSolution
		Debug|Any CPU = Debug|Any CPU
		Release|Any CPU = Release|Any CPU
	EndGlobalSection
	GlobalSection(ProjectConfigurationPlatforms) = postSolution
		{1F23C8C7-A4EE-48EF-B49D-05517FCD7CD3}.Debug|Any CPU.ActiveCfg = Debug|Any CPU
		{1F23C8C7-A4EE-48EF-B49D-05517FCD7CD3}.Debug|Any CPU.Build.0 = Debug|Any CPU
		{1F23C8C7-A4EE-48EF-B49D-05517FCD7CD3}.Release|Any CPU.ActiveCfg = Release|Any CPU
		{1F23C8C7-A4EE-48EF-B49D-05517FCD7CD3}.Release|Any CPU.Build.0 = Release|Any CPU
	EndGlobalSection
	GlobalSection(SolutionProperties) = preSolution
		HideSolutionNode = FALSE
	EndGlobalSection
	GlobalSection(ExtensibilityGlobals) = postSolution
		SolutionGuid = {D6ACD26E-D24C-48C7-AD9B-BF89FB1E9674}
	EndGlobalSection
EndGlobal
